{
  "name": "RadioLake",
  "lockfileVersion": 2,
  "requires": true,
  "packages": {
    "": {
      "dependencies": {
        "radio-browser": "^2.2.3"
      }
    },
    "node_modules/radio-browser": {
      "version": "2.2.3",
      "resolved": "https://registry.npmjs.org/radio-browser/-/radio-browser-2.2.3.tgz",
      "integrity": "sha512-nfBHaCvnAdo/HX5mli7hOeo069+6qhhHt7u7PHmArnYfnQqTFsT1i6JLNvPkkIIfavlHtmU+dKFIAP8asxiriQ=="
    }
  },
  "dependencies": {
    "radio-browser": {
      "version": "2.2.3",
      "resolved": "https://registry.npmjs.org/radio-browser/-/radio-browser-2.2.3.tgz",
      "integrity": "sha512-nfBHaCvnAdo/HX5mli7hOeo069+6qhhHt7u7PHmArnYfnQqTFsT1i6JLNvPkkIIfavlHtmU+dKFIAP8asxiriQ=="
    }
  }
}
